
Microsoft Visual Studio Solution File, Format Version 12.00
# Visual Studio 15
VisualStudioVersion = 15.0.28307.960
MinimumVisualStudioVersion = 10.0.40219.1
Project("{6DBB9CE0-E232-428A-95AE-C0E631CE42AC}") = "ITFriends.Panda", "ITFriends.Panda\ITFriends.Panda.csproj", "{982BF2F5-B993-4186-99B3-FDA01A9B0004}"
EndProject
Global
	GlobalSection(SolutionConfigurationPlatforms) = preSolution
		Debug|Any CPU = Debug|Any CPU
		Release|Any CPU = Release|Any CPU
	EndGlobalSection
	GlobalSection(ProjectConfigurationPlatforms) = postSolution
		{982BF2F5-B993-4186-99B3-FDA01A9B0004}.Debug|Any CPU.ActiveCfg = Debug|Any CPU
		{982BF2F5-B993-4186-99B3-FDA01A9B0004}.Debug|Any CPU.Build.0 = Debug|Any CPU
		{982BF2F5-B993-4186-99B3-FDA01A9B0004}.Release|Any CPU.ActiveCfg = Release|Any CPU
		{982BF2F5-B993-4186-99B3-FDA01A9B0004}.Release|Any CPU.Build.0 = Release|Any CPU
	EndGlobalSection
	GlobalSection(SolutionProperties) = preSolution
		HideSolutionNode = FALSE
	EndGlobalSection
	GlobalSection(ExtensibilityGlobals) = postSolution
		SolutionGuid = {3D54F989-D505-4B6A-8EE5-26724578D7CC}
	EndGlobalSection
EndGlobal
